// !$*UTF8*$!
{
	archiveVersion = 1;
	classes = {
	};
	objectVersion = 55;
	objects = {

/* Begin PBXBuildFile section */
		2123DA0C582B6602D759848C /* Pods_Shop_store.framework in Frameworks */ = {isa = PBXBuildFile; fileRef = C20217F0625480DEAC270706 /* Pods_Shop_store.framework */; };
		692CECA829879F3100BCC720 /* Home_View.swift in Sources */ = {isa = PBXBuildFile; fileRef = 692CECA729879F3100BCC720 /* Home_View.swift */; };
		6939D14F29750F2B0080B5FF /* Shop_storeApp.swift in Sources */ = {isa = PBXBuildFile; fileRef = 6939D14E29750F2B0080B5FF /* Shop_storeApp.swift */; };
		6939D15129750F2B0080B5FF /* ContentView.swift in Sources */ = {isa = PBXBuildFile; fileRef = 6939D15029750F2B0080B5FF /* ContentView.swift */; };
		6939D15329750F2E0080B5FF /* Assets.xcassets in Resources */ = {isa = PBXBuildFile; fileRef = 6939D15229750F2E0080B5FF /* Assets.xcassets */; };
		6939D15629750F2E0080B5FF /* Preview Assets.xcassets in Resources */ = {isa = PBXBuildFile; fileRef = 6939D15529750F2E0080B5FF /* Preview Assets.xcassets */; };
		6955FE6929817017002E8556 /* PurchaseHistory.swift in Sources */ = {isa = PBXBuildFile; fileRef = 6955FE6829817017002E8556 /* PurchaseHistory.swift */; };
		6955FE6B29817028002E8556 /* Cartview.swift in Sources */ = {isa = PBXBuildFile; fileRef = 6955FE6A29817028002E8556 /* Cartview.swift */; };
		6955FE6F29817091002E8556 /* ProductView.swift in Sources */ = {isa = PBXBuildFile; fileRef = 6955FE6E29817091002E8556 /* ProductView.swift */; };
		6955FE7129817ADE002E8556 /* buybuttom.swift in Sources */ = {isa = PBXBuildFile; fileRef = 6955FE7029817ADE002E8556 /* buybuttom.swift */; };
		6955FE7529817E0D002E8556 /* GoogleService-Info-2.plist in Resources */ = {isa = PBXBuildFile; fileRef = 6955FE7429817E0D002E8556 /* GoogleService-Info-2.plist */; };
		696851C0298794A6001EB4BC /* Product_List.swift in Sources */ = {isa = PBXBuildFile; fileRef = 696851BF298794A6001EB4BC /* Product_List.swift */; };
		696851C32987976F001EB4BC /* Shop_View.swift in Sources */ = {isa = PBXBuildFile; fileRef = 696851C22987976F001EB4BC /* Shop_View.swift */; };
		698C280D298A970E004D9709 /* ShopModel.swift in Sources */ = {isa = PBXBuildFile; fileRef = 698C280C298A970E004D9709 /* ShopModel.swift */; };
		69FBF2892987A5EA008FBCEE /* Account.swift in Sources */ = {isa = PBXBuildFile; fileRef = 69FBF2882987A5EA008FBCEE /* Account.swift */; };
		69FBF28B2987A611008FBCEE /* LikeList.swift in Sources */ = {isa = PBXBuildFile; fileRef = 69FBF28A2987A611008FBCEE /* LikeList.swift */; };
/* End PBXBuildFile section */

/* Begin PBXFileReference section */
		692CECA729879F3100BCC720 /* Home_View.swift */ = {isa = PBXFileReference; lastKnownFileType = sourcecode.swift; path = Home_View.swift; sourceTree = "<group>"; };
		6939D14B29750F2B0080B5FF /* Shop_store.app */ = {isa = PBXFileReference; explicitFileType = wrapper.application; includeInIndex = 0; path = Shop_store.app; sourceTree = BUILT_PRODUCTS_DIR; };
		6939D14E29750F2B0080B5FF /* Shop_storeApp.swift */ = {isa = PBXFileReference; lastKnownFileType = sourcecode.swift; path = Shop_storeApp.swift; sourceTree = "<group>"; };
		6939D15029750F2B0080B5FF /* ContentView.swift */ = {isa = PBXFileReference; lastKnownFileType = sourcecode.swift; path = ContentView.swift; sourceTree = "<group>"; };
		6939D15229750F2E0080B5FF /* Assets.xcassets */ = {isa = PBXFileReference; lastKnownFileType = folder.assetcatalog; path = Assets.xcassets; sourceTree = "<group>"; };
		6939D15529750F2E0080B5FF /* Preview Assets.xcassets */ = {isa = PBXFileReference; lastKnownFileType = folder.assetcatalog; path = "Preview Assets.xcassets"; sourceTree = "<group>"; };
		6955FE6829817017002E8556 /* PurchaseHistory.swift */ = {isa = PBXFileReference; lastKnownFileType = sourcecode.swift; path = PurchaseHistory.swift; sourceTree = "<group>"; };
		6955FE6A29817028002E8556 /* Cartview.swift */ = {isa = PBXFileReference; lastKnownFileType = sourcecode.swift; path = Cartview.swift; sourceTree = "<group>"; };
		6955FE6E29817091002E8556 /* ProductView.swift */ = {isa = PBXFileReference; lastKnownFileType = sourcecode.swift; path = ProductView.swift; sourceTree = "<group>"; };
		6955FE7029817ADE002E8556 /* buybuttom.swift */ = {isa = PBXFileReference; lastKnownFileType = sourcecode.swift; path = buybuttom.swift; sourceTree = "<group>"; };
		6955FE7429817E0D002E8556 /* GoogleService-Info-2.plist */ = {isa = PBXFileReference; fileEncoding = 4; lastKnownFileType = text.plist.xml; path = "GoogleService-Info-2.plist"; sourceTree = "<group>"; };
		696851BF298794A6001EB4BC /* Product_List.swift */ = {isa = PBXFileReference; lastKnownFileType = sourcecode.swift; path = Product_List.swift; sourceTree = "<group>"; };
		696851C22987976F001EB4BC /* Shop_View.swift */ = {isa = PBXFileReference; lastKnownFileType = sourcecode.swift; path = Shop_View.swift; sourceTree = "<group>"; };
		698C280C298A970E004D9709 /* ShopModel.swift */ = {isa = PBXFileReference; lastKnownFileType = sourcecode.swift; path = ShopModel.swift; sourceTree = "<group>"; };
		69FBF2882987A5EA008FBCEE /* Account.swift */ = {isa = PBXFileReference; lastKnownFileType = sourcecode.swift; path = Account.swift; sourceTree = "<group>"; };
		69FBF28A2987A611008FBCEE /* LikeList.swift */ = {isa = PBXFileReference; lastKnownFileType = sourcecode.swift; path = LikeList.swift; sourceTree = "<group>"; };
		7843D59C7C95F129B209DF16 /* Pods-Shop_store.release.xcconfig */ = {isa = PBXFileReference; includeInIndex = 1; lastKnownFileType = text.xcconfig; name = "Pods-Shop_store.release.xcconfig"; path = "Target Support Files/Pods-Shop_store/Pods-Shop_store.release.xcconfig"; sourceTree = "<group>"; };
		8AB7C46D0C4FDE0893A479E6 /* Pods-Shop_store.debug.xcconfig */ = {isa = PBXFileReference; includeInIndex = 1; lastKnownFileType = text.xcconfig; name = "Pods-Shop_store.debug.xcconfig"; path = "Target Support Files/Pods-Shop_store/Pods-Shop_store.debug.xcconfig"; sourceTree = "<group>"; };
		C20217F0625480DEAC270706 /* Pods_Shop_store.framework */ = {isa = PBXFileReference; explicitFileType = wrapper.framework; includeInIndex = 0; path = Pods_Shop_store.framework; sourceTree = BUILT_PRODUCTS_DIR; };
/* End PBXFileReference section */

/* Begin PBXFrameworksBuildPhase section */
		6939D14829750F2B0080B5FF /* Frameworks */ = {
			isa = PBXFrameworksBuildPhase;
			buildActionMask = 2147483647;
			files = (
				2123DA0C582B6602D759848C /* Pods_Shop_store.framework in Frameworks */,
			);
			runOnlyForDeploymentPostprocessing = 0;
		};
/* End PBXFrameworksBuildPhase section */

/* Begin PBXGroup section */
		6939D14229750F2B0080B5FF = {
			isa = PBXGroup;
			children = (
				6939D14D29750F2B0080B5FF /* Shop_store */,
				6939D14C29750F2B0080B5FF /* Products */,
				C20C30728F406B05DE94F330 /* Pods */,
				93B1F07B05CB86F9003015C6 /* Frameworks */,
			);
			sourceTree = "<group>";
		};
		6939D14C29750F2B0080B5FF /* Products */ = {
			isa = PBXGroup;
			children = (
				6939D14B29750F2B0080B5FF /* Shop_store.app */,
			);
			name = Products;
			sourceTree = "<group>";
		};
		6939D14D29750F2B0080B5FF /* Shop_store */ = {
			isa = PBXGroup;
			children = (
				6939D14E29750F2B0080B5FF /* Shop_storeApp.swift */,
				6939D15029750F2B0080B5FF /* ContentView.swift */,
				696851C22987976F001EB4BC /* Shop_View.swift */,
				6955FE6E29817091002E8556 /* ProductView.swift */,
				696851BF298794A6001EB4BC /* Product_List.swift */,
				6955FE6729816D62002E8556 /* Model */,
				6955FE6629816D49002E8556 /* HOME */,
				696851C1298796F9001EB4BC /* Other_view */,
				6939D15229750F2E0080B5FF /* Assets.xcassets */,
				6955FE7429817E0D002E8556 /* GoogleService-Info-2.plist */,
				6939D15429750F2E0080B5FF /* Preview Content */,
			);
			path = Shop_store;
			sourceTree = "<group>";
		};
		6939D15429750F2E0080B5FF /* Preview Content */ = {
			isa = PBXGroup;
			children = (
				6939D15529750F2E0080B5FF /* Preview Assets.xcassets */,
			);
			path = "Preview Content";
			sourceTree = "<group>";
		};
		6955FE6629816D49002E8556 /* HOME */ = {
			isa = PBXGroup;
			children = (
				692CECA729879F3100BCC720 /* Home_View.swift */,
				6955FE6829817017002E8556 /* PurchaseHistory.swift */,
				6955FE6A29817028002E8556 /* Cartview.swift */,
				69FBF2882987A5EA008FBCEE /* Account.swift */,
				69FBF28A2987A611008FBCEE /* LikeList.swift */,
			);
			path = HOME;
			sourceTree = "<group>";
		};
		6955FE6729816D62002E8556 /* Model */ = {
			isa = PBXGroup;
			children = (
				698C280C298A970E004D9709 /* ShopModel.swift */,
			);
			path = Model;
			sourceTree = "<group>";
		};
		696851C1298796F9001EB4BC /* Other_view */ = {
			isa = PBXGroup;
			children = (
				6955FE7029817ADE002E8556 /* buybuttom.swift */,
			);
			path = Other_view;
			sourceTree = "<group>";
		};
		93B1F07B05CB86F9003015C6 /* Frameworks */ = {
			isa = PBXGroup;
			children = (
				C20217F0625480DEAC270706 /* Pods_Shop_store.framework */,
			);
			name = Frameworks;
			sourceTree = "<group>";
		};
		C20C30728F406B05DE94F330 /* Pods */ = {
			isa = PBXGroup;
			children = (
				8AB7C46D0C4FDE0893A479E6 /* Pods-Shop_store.debug.xcconfig */,
				7843D59C7C95F129B209DF16 /* Pods-Shop_store.release.xcconfig */,
			);
			path = Pods;
			sourceTree = "<group>";
		};
/* End PBXGroup section */

/* Begin PBXNativeTarget section */
		6939D14A29750F2B0080B5FF /* Shop_store */ = {
			isa = PBXNativeTarget;
			buildConfigurationList = 6939D15929750F2E0080B5FF /* Build configuration list for PBXNativeTarget "Shop_store" */;
			buildPhases = (
				B033E420714B58DFB0B9D4E0 /* [CP] Check Pods Manifest.lock */,
				6939D14729750F2B0080B5FF /* Sources */,
				6939D14829750F2B0080B5FF /* Frameworks */,
				6939D14929750F2B0080B5FF /* Resources */,
				1E9862663F8CF4183398606C /* [CP] Embed Pods Frameworks */,
			);
			buildRules = (
			);
			dependencies = (
			);
			name = Shop_store;
			productName = Shop_store;
			productReference = 6939D14B29750F2B0080B5FF /* Shop_store.app */;
			productType = "com.apple.product-type.application";
		};
/* End PBXNativeTarget section */

/* Begin PBXProject section */
		6939D14329750F2B0080B5FF /* Project object */ = {
			isa = PBXProject;
			attributes = {
				BuildIndependentTargetsInParallel = 1;
				LastSwiftUpdateCheck = 1320;
				LastUpgradeCheck = 1320;
				TargetAttributes = {
					6939D14A29750F2B0080B5FF = {
						CreatedOnToolsVersion = 13.2.1;
					};
				};
			};
			buildConfigurationList = 6939D14629750F2B0080B5FF /* Build configuration list for PBXProject "Shop_store" */;
			compatibilityVersion = "Xcode 13.0";
			developmentRegion = en;
			hasScannedForEncodings = 0;
			knownRegions = (
				en,
				Base,
			);
			mainGroup = 6939D14229750F2B0080B5FF;
			productRefGroup = 6939D14C29750F2B0080B5FF /* Products */;
			projectDirPath = "";
			projectRoot = "";
			targets = (
				6939D14A29750F2B0080B5FF /* Shop_store */,
			);
		};
/* End PBXProject section */

/* Begin PBXResourcesBuildPhase section */
		6939D14929750F2B0080B5FF /* Resources */ = {
			isa = PBXResourcesBuildPhase;
			buildActionMask = 2147483647;
			files = (
				6939D15629750F2E0080B5FF /* Preview Assets.xcassets in Resources */,
				6939D15329750F2E0080B5FF /* Assets.xcassets in Resources */,
				6955FE7529817E0D002E8556 /* GoogleService-Info-2.plist in Resources */,
			);
			runOnlyForDeploymentPostprocessing = 0;
		};
/* End PBXResourcesBuildPhase section */

/* Begin PBXShellScriptBuildPhase section */
		1E9862663F8CF4183398606C /* [CP] Embed Pods Frameworks */ = {
			isa = PBXShellScriptBuildPhase;
			buildActionMask = 2147483647;
			files = (
			);
			inputFileListPaths = (
				"${PODS_ROOT}/Target Support Files/Pods-Shop_store/Pods-Shop_store-frameworks-${CONFIGURATION}-input-files.xcfilelist",
			);
			name = "[CP] Embed Pods Frameworks";
			outputFileListPaths = (
				"${PODS_ROOT}/Target Support Files/Pods-Shop_store/Pods-Shop_store-frameworks-${CONFIGURATION}-output-files.xcfilelist",
			);
			runOnlyForDeploymentPostprocessing = 0;
			shellPath = /bin/sh;
			shellScript = "\"${PODS_ROOT}/Target Support Files/Pods-Shop_store/Pods-Shop_store-frameworks.sh\"\n";
			showEnvVarsInLog = 0;
		};
		B033E420714B58DFB0B9D4E0 /* [CP] Check Pods Manifest.lock */ = {
			isa = PBXShellScriptBuildPhase;
			buildActionMask = 2147483647;
			files = (
			);
			inputFileListPaths = (
			);
			inputPaths = (
				"${PODS_PODFILE_DIR_PATH}/Podfile.lock",
				"${PODS_ROOT}/Manifest.lock",
			);
			name = "[CP] Check Pods Manifest.lock";
			outputFileListPaths = (
			);
			outputPaths = (
				"$(DERIVED_FILE_DIR)/Pods-Shop_store-checkManifestLockResult.txt",
			);
			runOnlyForDeploymentPostprocessing = 0;
			shellPath = /bin/sh;
			shellScript = "diff \"${PODS_PODFILE_DIR_PATH}/Podfile.lock\" \"${PODS_ROOT}/Manifest.lock\" > /dev/null\nif [ $? != 0 ] ; then\n    # print error to STDERR\n    echo \"error: The sandbox is not in sync with the Podfile.lock. Run 'pod install' or update your CocoaPods installation.\" >&2\n    exit 1\nfi\n# This output is used by Xcode 'outputs' to avoid re-running this script phase.\necho \"SUCCESS\" > \"${SCRIPT_OUTPUT_FILE_0}\"\n";
			showEnvVarsInLog = 0;
		};
/* End PBXShellScriptBuildPhase section */

/* Begin PBXSourcesBuildPhase section */
		6939D14729750F2B0080B5FF /* Sources */ = {
			isa = PBXSourcesBuildPhase;
			buildActionMask = 2147483647;
			files = (
				69FBF2892987A5EA008FBCEE /* Account.swift in Sources */,
				696851C0298794A6001EB4BC /* Product_List.swift in Sources */,
				6955FE7129817ADE002E8556 /* buybuttom.swift in Sources */,
				69FBF28B2987A611008FBCEE /* LikeList.swift in Sources */,
				692CECA829879F3100BCC720 /* Home_View.swift in Sources */,
				698C280D298A970E004D9709 /* ShopModel.swift in Sources */,
				6939D15129750F2B0080B5FF /* ContentView.swift in Sources */,
				6939D14F29750F2B0080B5FF /* Shop_storeApp.swift in Sources */,
				6955FE6B29817028002E8556 /* Cartview.swift in Sources */,
				6955FE6F29817091002E8556 /* ProductView.swift in Sources */,
				696851C32987976F001EB4BC /* Shop_View.swift in Sources */,
				6955FE6929817017002E8556 /* PurchaseHistory.swift in Sources */,
			);
			runOnlyForDeploymentPostprocessing = 0;
		};
/* End PBXSourcesBuildPhase section */

/* Begin XCBuildConfiguration section */
		6939D15729750F2E0080B5FF /* Debug */ = {
			isa = XCBuildConfiguration;
			buildSettings = {
				ALWAYS_SEARCH_USER_PATHS = NO;
				CLANG_ANALYZER_NONNULL = YES;
				CLANG_ANALYZER_NUMBER_OBJECT_CONVERSION = YES_AGGRESSIVE;
				CLANG_CXX_LANGUAGE_STANDARD = "gnu++17";
				CLANG_CXX_LIBRARY = "libc++";
				CLANG_ENABLE_MODULES = YES;
				CLANG_ENABLE_OBJC_ARC = YES;
				CLANG_ENABLE_OBJC_WEAK = YES;
				CLANG_WARN_BLOCK_CAPTURE_AUTORELEASING = YES;
				CLANG_WARN_BOOL_CONVERSION = YES;
				CLANG_WARN_COMMA = YES;
				CLANG_WARN_CONSTANT_CONVERSION = YES;
				CLANG_WARN_DEPRECATED_OBJC_IMPLEMENTATIONS = YES;
				CLANG_WARN_DIRECT_OBJC_ISA_USAGE = YES_ERROR;
				CLANG_WARN_DOCUMENTATION_COMMENTS = YES;
				CLANG_WARN_EMPTY_BODY = YES;
				CLANG_WARN_ENUM_CONVERSION = YES;
				CLANG_WARN_INFINITE_RECURSION = YES;
				CLANG_WARN_INT_CONVERSION = YES;
				CLANG_WARN_NON_LITERAL_NULL_CONVERSION = YES;
				CLANG_WARN_OBJC_IMPLICIT_RETAIN_SELF = YES;
				CLANG_WARN_OBJC_LITERAL_CONVERSION = YES;
				CLANG_WARN_OBJC_ROOT_CLASS = YES_ERROR;
				CLANG_WARN_QUOTED_INCLUDE_IN_FRAMEWORK_HEADER = YES;
				CLANG_WARN_RANGE_LOOP_ANALYSIS = YES;
				CLANG_WARN_STRICT_PROTOTYPES = YES;
				CLANG_WARN_SUSPICIOUS_MOVE = YES;
				CLANG_WARN_UNGUARDED_AVAILABILITY = YES_AGGRESSIVE;
				CLANG_WARN_UNREACHABLE_CODE = YES;
				CLANG_WARN__DUPLICATE_METHOD_MATCH = YES;
				COPY_PHASE_STRIP = NO;
				DEBUG_INFORMATION_FORMAT = dwarf;
				ENABLE_STRICT_OBJC_MSGSEND = YES;
				ENABLE_TESTABILITY = YES;
				GCC_C_LANGUAGE_STANDARD = gnu11;
				GCC_DYNAMIC_NO_PIC = NO;
				GCC_NO_COMMON_BLOCKS = YES;
				GCC_OPTIMIZATION_LEVEL = 0;
				GCC_PREPROCESSOR_DEFINITIONS = (
					"DEBUG=1",
					"$(inherited)",
				);
				GCC_WARN_64_TO_32_BIT_CONVERSION = YES;
				GCC_WARN_ABOUT_RETURN_TYPE = YES_ERROR;
				GCC_WARN_UNDECLARED_SELECTOR = YES;
				GCC_WARN_UNINITIALIZED_AUTOS = YES_AGGRESSIVE;
				GCC_WARN_UNUSED_FUNCTION = YES;
				GCC_WARN_UNUSED_VARIABLE = YES;
				IPHONEOS_DEPLOYMENT_TARGET = 15.2;
				MTL_ENABLE_DEBUG_INFO = INCLUDE_SOURCE;
				MTL_FAST_MATH = YES;
				ONLY_ACTIVE_ARCH = YES;
				SDKROOT = iphoneos;
				SWIFT_ACTIVE_COMPILATION_CONDITIONS = DEBUG;
				SWIFT_OPTIMIZATION_LEVEL = "-Onone";
			};
			name = Debug;
		};
		6939D15829750F2E0080B5FF /* Release */ = {
			isa = XCBuildConfiguration;
			buildSettings = {
				ALWAYS_SEARCH_USER_PATHS = NO;
				CLANG_ANALYZER_NONNULL = YES;
				CLANG_ANALYZER_NUMBER_OBJECT_CONVERSION = YES_AGGRESSIVE;
				CLANG_CXX_LANGUAGE_STANDARD = "gnu++17";
				CLANG_CXX_LIBRARY = "libc++";
				CLANG_ENABLE_MODULES = YES;
				CLANG_ENABLE_OBJC_ARC = YES;
				CLANG_ENABLE_OBJC_WEAK = YES;
				CLANG_WARN_BLOCK_CAPTURE_AUTORELEASING = YES;
				CLANG_WARN_BOOL_CONVERSION = YES;
				CLANG_WARN_COMMA = YES;
				CLANG_WARN_CONSTANT_CONVERSION = YES;
				CLANG_WARN_DEPRECATED_OBJC_IMPLEMENTATIONS = YES;
				CLANG_WARN_DIRECT_OBJC_ISA_USAGE = YES_ERROR;
				CLANG_WARN_DOCUMENTATION_COMMENTS = YES;
				CLANG_WARN_EMPTY_BODY = YES;
				CLANG_WARN_ENUM_CONVERSION = YES;
				CLANG_WARN_INFINITE_RECURSION = YES;
				CLANG_WARN_INT_CONVERSION = YES;
				CLANG_WARN_NON_LITERAL_NULL_CONVERSION = YES;
				CLANG_WARN_OBJC_IMPLICIT_RETAIN_SELF = YES;
				CLANG_WARN_OBJC_LITERAL_CONVERSION = YES;
				CLANG_WARN_OBJC_ROOT_CLASS = YES_ERROR;
				CLANG_WARN_QUOTED_INCLUDE_IN_FRAMEWORK_HEADER = YES;
				CLANG_WARN_RANGE_LOOP_ANALYSIS = YES;
				CLANG_WARN_STRICT_PROTOTYPES = YES;
				CLANG_WARN_SUSPICIOUS_MOVE = YES;
				CLANG_WARN_UNGUARDED_AVAILABILITY = YES_AGGRESSIVE;
				CLANG_WARN_UNREACHABLE_CODE = YES;
				CLANG_WARN__DUPLICATE_METHOD_MATCH = YES;
				COPY_PHASE_STRIP = NO;
				DEBUG_INFORMATION_FORMAT = "dwarf-with-dsym";
				ENABLE_NS_ASSERTIONS = NO;
				ENABLE_STRICT_OBJC_MSGSEND = YES;
				GCC_C_LANGUAGE_STANDARD = gnu11;
				GCC_NO_COMMON_BLOCKS = YES;
				GCC_WARN_64_TO_32_BIT_CONVERSION = YES;
				GCC_WARN_ABOUT_RETURN_TYPE = YES_ERROR;
				GCC_WARN_UNDECLARED_SELECTOR = YES;
				GCC_WARN_UNINITIALIZED_AUTOS = YES_AGGRESSIVE;
				GCC_WARN_UNUSED_FUNCTION = YES;
				GCC_WARN_UNUSED_VARIABLE = YES;
				IPHONEOS_DEPLOYMENT_TARGET = 15.2;
				MTL_ENABLE_DEBUG_INFO = NO;
				MTL_FAST_MATH = YES;
				SDKROOT = iphoneos;
				SWIFT_COMPILATION_MODE = wholemodule;
				SWIFT_OPTIMIZATION_LEVEL = "-O";
				VALIDATE_PRODUCT = YES;
			};
			name = Release;
		};
		6939D15A29750F2E0080B5FF /* Debug */ = {
			isa = XCBuildConfiguration;
			baseConfigurationReference = 8AB7C46D0C4FDE0893A479E6 /* Pods-Shop_store.debug.xcconfig */;
			buildSettings = {
				ASSETCATALOG_COMPILER_APPICON_NAME = AppIcon;
				ASSETCATALOG_COMPILER_GLOBAL_ACCENT_COLOR_NAME = AccentColor;
				CODE_SIGN_STYLE = Automatic;
				CURRENT_PROJECT_VERSION = 1;
				DEVELOPMENT_ASSET_PATHS = "\"Shop_store/Preview Content\"";
				ENABLE_PREVIEWS = YES;
				GENERATE_INFOPLIST_FILE = YES;
				INFOPLIST_KEY_UIApplicationSceneManifest_Generation = YES;
				INFOPLIST_KEY_UIApplicationSupportsIndirectInputEvents = YES;
				INFOPLIST_KEY_UILaunchScreen_Generation = YES;
				INFOPLIST_KEY_UISupportedInterfaceOrientations_iPad = "UIInterfaceOrientationPortrait UIInterfaceOrientationPortraitUpsideDown UIInterfaceOrientationLandscapeLeft UIInterfaceOrientationLandscapeRight";
				INFOPLIST_KEY_UISupportedInterfaceOrientations_iPhone = "UIInterfaceOrientationPortrait UIInterfaceOrientationLandscapeLeft UIInterfaceOrientationLandscapeRight";
				LD_RUNPATH_SEARCH_PATHS = (
					"$(inherited)",
					"@executable_path/Frameworks",
				);
				MARKETING_VERSION = 1.0;
				PRODUCT_BUNDLE_IDENTIFIER = "Calculation.Shop-store";
				PRODUCT_NAME = "$(TARGET_NAME)";
				SWIFT_EMIT_LOC_STRINGS = YES;
				SWIFT_VERSION = 5.0;
				TARGETED_DEVICE_FAMILY = "1,2";
			};
			name = Debug;
		};
		6939D15B29750F2E0080B5FF /* Release */ = {
			isa = XCBuildConfiguration;
			baseConfigurationReference = 7843D59C7C95F129B209DF16 /* Pods-Shop_store.release.xcconfig */;
			buildSettings = {
				ASSETCATALOG_COMPILER_APPICON_NAME = AppIcon;
				ASSETCATALOG_COMPILER_GLOBAL_ACCENT_COLOR_NAME = AccentColor;
				CODE_SIGN_STYLE = Automatic;
				CURRENT_PROJECT_VERSION = 1;
				DEVELOPMENT_ASSET_PATHS = "\"Shop_store/Preview Content\"";
				ENABLE_PREVIEWS = YES;
				GENERATE_INFOPLIST_FILE = YES;
				INFOPLIST_KEY_UIApplicationSceneManifest_Generation = YES;
				INFOPLIST_KEY_UIApplicationSupportsIndirectInputEvents = YES;
				INFOPLIST_KEY_UILaunchScreen_Generation = YES;
				INFOPLIST_KEY_UISupportedInterfaceOrientations_iPad = "UIInterfaceOrientationPortrait UIInterfaceOrientationPortraitUpsideDown UIInterfaceOrientationLandscapeLeft UIInterfaceOrientationLandscapeRight";
				INFOPLIST_KEY_UISupportedInterfaceOrientations_iPhone = "UIInterfaceOrientationPortrait UIInterfaceOrientationLandscapeLeft UIInterfaceOrientationLandscapeRight";
				LD_RUNPATH_SEARCH_PATHS = (
					"$(inherited)",
					"@executable_path/Frameworks",
				);
				MARKETING_VERSION = 1.0;
				PRODUCT_BUNDLE_IDENTIFIER = "Calculation.Shop-store";
				PRODUCT_NAME = "$(TARGET_NAME)";
				SWIFT_EMIT_LOC_STRINGS = YES;
				SWIFT_VERSION = 5.0;
				TARGETED_DEVICE_FAMILY = "1,2";
			};
			name = Release;
		};
/* End XCBuildConfiguration section */

/* Begin XCConfigurationList section */
		6939D14629750F2B0080B5FF /* Build configuration list for PBXProject "Shop_store" */ = {
			isa = XCConfigurationList;
			buildConfigurations = (
				6939D15729750F2E0080B5FF /* Debug */,
				6939D15829750F2E0080B5FF /* Release */,
			);
			defaultConfigurationIsVisible = 0;
			defaultConfigurationName = Release;
		};
		6939D15929750F2E0080B5FF /* Build configuration list for PBXNativeTarget "Shop_store" */ = {
			isa = XCConfigurationList;
			buildConfigurations = (
				6939D15A29750F2E0080B5FF /* Debug */,
				6939D15B29750F2E0080B5FF /* Release */,
			);
			defaultConfigurationIsVisible = 0;
			defaultConfigurationName = Release;
		};
/* End XCConfigurationList section */
	};
	rootObject = 6939D14329750F2B0080B5FF /* Project object */;
}
